// !$*UTF8*$!
{
	archiveVersion = 1;
	classes = {
	};
	objectVersion = 55;
	objects = {

/* Begin PBXBuildFile section */
		641C7ADF286F766E005E1230 /* main.c in Sources */ = {isa = PBXBuildFile; fileRef = 641C7ADE286F766E005E1230 /* main.c */; };
		641C7AE7287097D5005E1230 /* array.c in Sources */ = {isa = PBXBuildFile; fileRef = 641C7AE6287097D5005E1230 /* array.c */; };
		641C7AEA2870A3F3005E1230 /* utils.c in Sources */ = {isa = PBXBuildFile; fileRef = 641C7AE82870A3F2005E1230 /* utils.c */; };
		641C7AED2870AD8C005E1230 /* basketball.c in Sources */ = {isa = PBXBuildFile; fileRef = 641C7AEC2870AD8C005E1230 /* basketball.c */; };
		6497561F28761CB00078D223 /* test.c in Sources */ = {isa = PBXBuildFile; fileRef = 6497561E28761CB00078D223 /* test.c */; };
/* End PBXBuildFile section */

/* Begin PBXCopyFilesBuildPhase section */
		641C7AD9286F766E005E1230 /* CopyFiles */ = {
			isa = PBXCopyFilesBuildPhase;
			buildActionMask = 2147483647;
			dstPath = /usr/share/man/man1/;
			dstSubfolderSpec = 0;
			files = (
			);
			runOnlyForDeploymentPostprocessing = 1;
		};
/* End PBXCopyFilesBuildPhase section */

/* Begin PBXFileReference section */
		641C7ADB286F766E005E1230 /* pa5 */ = {isa = PBXFileReference; explicitFileType = "compiled.mach-o.executable"; includeInIndex = 0; path = pa5; sourceTree = BUILT_PRODUCTS_DIR; };
		641C7ADE286F766E005E1230 /* main.c */ = {isa = PBXFileReference; lastKnownFileType = sourcecode.c.c; path = main.c; sourceTree = "<group>"; };
		641C7AE5287097D5005E1230 /* array.h */ = {isa = PBXFileReference; lastKnownFileType = sourcecode.c.h; path = array.h; sourceTree = "<group>"; };
		641C7AE6287097D5005E1230 /* array.c */ = {isa = PBXFileReference; lastKnownFileType = sourcecode.c.c; path = array.c; sourceTree = "<group>"; };
		641C7AE82870A3F2005E1230 /* utils.c */ = {isa = PBXFileReference; fileEncoding = 4; lastKnownFileType = sourcecode.c.c; name = utils.c; path = ../../pa4/pa4/utils.c; sourceTree = "<group>"; };
		641C7AE92870A3F2005E1230 /* utils.h */ = {isa = PBXFileReference; fileEncoding = 4; lastKnownFileType = sourcecode.c.h; name = utils.h; path = ../../pa4/pa4/utils.h; sourceTree = "<group>"; };
		641C7AEC2870AD8C005E1230 /* basketball.c */ = {isa = PBXFileReference; lastKnownFileType = sourcecode.c.c; path = basketball.c; sourceTree = "<group>"; };
		641C7AEE2870C331005E1230 /* basketball.h */ = {isa = PBXFileReference; lastKnownFileType = sourcecode.c.h; path = basketball.h; sourceTree = "<group>"; };
		6497561E28761CB00078D223 /* test.c */ = {isa = PBXFileReference; lastKnownFileType = sourcecode.c.c; path = test.c; sourceTree = "<group>"; };
/* End PBXFileReference section */

/* Begin PBXFrameworksBuildPhase section */
		641C7AD8286F766E005E1230 /* Frameworks */ = {
			isa = PBXFrameworksBuildPhase;
			buildActionMask = 2147483647;
			files = (
			);
			runOnlyForDeploymentPostprocessing = 0;
		};
/* End PBXFrameworksBuildPhase section */

/* Begin PBXGroup section */
		641C7AD2286F766E005E1230 = {
			isa = PBXGroup;
			children = (
				641C7ADD286F766E005E1230 /* pa5 */,
				641C7ADC286F766E005E1230 /* Products */,
			);
			sourceTree = "<group>";
		};
		641C7ADC286F766E005E1230 /* Products */ = {
			isa = PBXGroup;
			children = (
				641C7ADB286F766E005E1230 /* pa5 */,
			);
			name = Products;
			sourceTree = "<group>";
		};
		641C7ADD286F766E005E1230 /* pa5 */ = {
			isa = PBXGroup;
			children = (
				641C7ADE286F766E005E1230 /* main.c */,
				641C7AE5287097D5005E1230 /* array.h */,
				641C7AE6287097D5005E1230 /* array.c */,
				641C7AE82870A3F2005E1230 /* utils.c */,
				641C7AE92870A3F2005E1230 /* utils.h */,
				641C7AEC2870AD8C005E1230 /* basketball.c */,
				641C7AEE2870C331005E1230 /* basketball.h */,
				6497561E28761CB00078D223 /* test.c */,
			);
			path = pa5;
			sourceTree = "<group>";
		};
/* End PBXGroup section */

/* Begin PBXNativeTarget section */
		641C7ADA286F766E005E1230 /* pa5 */ = {
			isa = PBXNativeTarget;
			buildConfigurationList = 641C7AE2286F766E005E1230 /* Build configuration list for PBXNativeTarget "pa5" */;
			buildPhases = (
				641C7AD7286F766E005E1230 /* Sources */,
				641C7AD8286F766E005E1230 /* Frameworks */,
				641C7AD9286F766E005E1230 /* CopyFiles */,
			);
			buildRules = (
			);
			dependencies = (
			);
			name = pa5;
			productName = pa5;
			productReference = 641C7ADB286F766E005E1230 /* pa5 */;
			productType = "com.apple.product-type.tool";
		};
/* End PBXNativeTarget section */

/* Begin PBXProject section */
		641C7AD3286F766E005E1230 /* Project object */ = {
			isa = PBXProject;
			attributes = {
				BuildIndependentTargetsInParallel = 1;
				LastUpgradeCheck = 1340;
				TargetAttributes = {
					641C7ADA286F766E005E1230 = {
						CreatedOnToolsVersion = 13.4.1;
					};
				};
			};
			buildConfigurationList = 641C7AD6286F766E005E1230 /* Build configuration list for PBXProject "pa5" */;
			compatibilityVersion = "Xcode 13.0";
			developmentRegion = en;
			hasScannedForEncodings = 0;
			knownRegions = (
				en,
				Base,
			);
			mainGroup = 641C7AD2286F766E005E1230;
			productRefGroup = 641C7ADC286F766E005E1230 /* Products */;
			projectDirPath = "";
			projectRoot = "";
			targets = (
				641C7ADA286F766E005E1230 /* pa5 */,
			);
		};
/* End PBXProject section */

/* Begin PBXSourcesBuildPhase section */
		641C7AD7286F766E005E1230 /* Sources */ = {
			isa = PBXSourcesBuildPhase;
			buildActionMask = 2147483647;
			files = (
				6497561F28761CB00078D223 /* test.c in Sources */,
				641C7AEA2870A3F3005E1230 /* utils.c in Sources */,
				641C7ADF286F766E005E1230 /* main.c in Sources */,
				641C7AED2870AD8C005E1230 /* basketball.c in Sources */,
				641C7AE7287097D5005E1230 /* array.c in Sources */,
			);
			runOnlyForDeploymentPostprocessing = 0;
		};
/* End PBXSourcesBuildPhase section */

/* Begin XCBuildConfiguration section */
		641C7AE0286F766E005E1230 /* Debug */ = {
			isa = XCBuildConfiguration;
			buildSettings = {
				ALWAYS_SEARCH_USER_PATHS = NO;
				CLANG_ANALYZER_NONNULL = YES;
				CLANG_ANALYZER_NUMBER_OBJECT_CONVERSION = YES_AGGRESSIVE;
				CLANG_CXX_LANGUAGE_STANDARD = "gnu++17";
				CLANG_ENABLE_MODULES = YES;
				CLANG_ENABLE_OBJC_ARC = YES;
				CLANG_ENABLE_OBJC_WEAK = YES;
				CLANG_WARN_BLOCK_CAPTURE_AUTORELEASING = YES;
				CLANG_WARN_BOOL_CONVERSION = YES;
				CLANG_WARN_COMMA = YES;
				CLANG_WARN_CONSTANT_CONVERSION = YES;
				CLANG_WARN_DEPRECATED_OBJC_IMPLEMENTATIONS = YES;
				CLANG_WARN_DIRECT_OBJC_ISA_USAGE = YES_ERROR;
				CLANG_WARN_DOCUMENTATION_COMMENTS = YES;
				CLANG_WARN_EMPTY_BODY = YES;
				CLANG_WARN_ENUM_CONVERSION = YES;
				CLANG_WARN_INFINITE_RECURSION = YES;
				CLANG_WARN_INT_CONVERSION = YES;
				CLANG_WARN_NON_LITERAL_NULL_CONVERSION = YES;
				CLANG_WARN_OBJC_IMPLICIT_RETAIN_SELF = YES;
				CLANG_WARN_OBJC_LITERAL_CONVERSION = YES;
				CLANG_WARN_OBJC_ROOT_CLASS = YES_ERROR;
				CLANG_WARN_QUOTED_INCLUDE_IN_FRAMEWORK_HEADER = YES;
				CLANG_WARN_RANGE_LOOP_ANALYSIS = YES;
				CLANG_WARN_STRICT_PROTOTYPES = YES;
				CLANG_WARN_SUSPICIOUS_MOVE = YES;
				CLANG_WARN_UNGUARDED_AVAILABILITY = YES_AGGRESSIVE;
				CLANG_WARN_UNREACHABLE_CODE = YES;
				CLANG_WARN__DUPLICATE_METHOD_MATCH = YES;
				COPY_PHASE_STRIP = NO;
				DEBUG_INFORMATION_FORMAT = dwarf;
				ENABLE_STRICT_OBJC_MSGSEND = YES;
				ENABLE_TESTABILITY = YES;
				GCC_C_LANGUAGE_STANDARD = gnu11;
				GCC_DYNAMIC_NO_PIC = NO;
				GCC_NO_COMMON_BLOCKS = YES;
				GCC_OPTIMIZATION_LEVEL = 0;
				GCC_PREPROCESSOR_DEFINITIONS = (
					"DEBUG=1",
					"$(inherited)",
				);
				GCC_WARN_64_TO_32_BIT_CONVERSION = YES;
				GCC_WARN_ABOUT_RETURN_TYPE = YES_ERROR;
				GCC_WARN_UNDECLARED_SELECTOR = YES;
				GCC_WARN_UNINITIALIZED_AUTOS = YES_AGGRESSIVE;
				GCC_WARN_UNUSED_FUNCTION = YES;
				GCC_WARN_UNUSED_VARIABLE = YES;
				MACOSX_DEPLOYMENT_TARGET = 12.3;
				MTL_ENABLE_DEBUG_INFO = INCLUDE_SOURCE;
				MTL_FAST_MATH = YES;
				ONLY_ACTIVE_ARCH = YES;
				SDKROOT = macosx;
			};
			name = Debug;
		};
		641C7AE1286F766E005E1230 /* Release */ = {
			isa = XCBuildConfiguration;
			buildSettings = {
				ALWAYS_SEARCH_USER_PATHS = NO;
				CLANG_ANALYZER_NONNULL = YES;
				CLANG_ANALYZER_NUMBER_OBJECT_CONVERSION = YES_AGGRESSIVE;
				CLANG_CXX_LANGUAGE_STANDARD = "gnu++17";
				CLANG_ENABLE_MODULES = YES;
				CLANG_ENABLE_OBJC_ARC = YES;
				CLANG_ENABLE_OBJC_WEAK = YES;
				CLANG_WARN_BLOCK_CAPTURE_AUTORELEASING = YES;
				CLANG_WARN_BOOL_CONVERSION = YES;
				CLANG_WARN_COMMA = YES;
				CLANG_WARN_CONSTANT_CONVERSION = YES;
				CLANG_WARN_DEPRECATED_OBJC_IMPLEMENTATIONS = YES;
				CLANG_WARN_DIRECT_OBJC_ISA_USAGE = YES_ERROR;
				CLANG_WARN_DOCUMENTATION_COMMENTS = YES;
				CLANG_WARN_EMPTY_BODY = YES;
				CLANG_WARN_ENUM_CONVERSION = YES;
				CLANG_WARN_INFINITE_RECURSION = YES;
				CLANG_WARN_INT_CONVERSION = YES;
				CLANG_WARN_NON_LITERAL_NULL_CONVERSION = YES;
				CLANG_WARN_OBJC_IMPLICIT_RETAIN_SELF = YES;
				CLANG_WARN_OBJC_LITERAL_CONVERSION = YES;
				CLANG_WARN_OBJC_ROOT_CLASS = YES_ERROR;
				CLANG_WARN_QUOTED_INCLUDE_IN_FRAMEWORK_HEADER = YES;
				CLANG_WARN_RANGE_LOOP_ANALYSIS = YES;
				CLANG_WARN_STRICT_PROTOTYPES = YES;
				CLANG_WARN_SUSPICIOUS_MOVE = YES;
				CLANG_WARN_UNGUARDED_AVAILABILITY = YES_AGGRESSIVE;
				CLANG_WARN_UNREACHABLE_CODE = YES;
				CLANG_WARN__DUPLICATE_METHOD_MATCH = YES;
				COPY_PHASE_STRIP = NO;
				DEBUG_INFORMATION_FORMAT = "dwarf-with-dsym";
				ENABLE_NS_ASSERTIONS = NO;
				ENABLE_STRICT_OBJC_MSGSEND = YES;
				GCC_C_LANGUAGE_STANDARD = gnu11;
				GCC_NO_COMMON_BLOCKS = YES;
				GCC_WARN_64_TO_32_BIT_CONVERSION = YES;
				GCC_WARN_ABOUT_RETURN_TYPE = YES_ERROR;
				GCC_WARN_UNDECLARED_SELECTOR = YES;
				GCC_WARN_UNINITIALIZED_AUTOS = YES_AGGRESSIVE;
				GCC_WARN_UNUSED_FUNCTION = YES;
				GCC_WARN_UNUSED_VARIABLE = YES;
				MACOSX_DEPLOYMENT_TARGET = 12.3;
				MTL_ENABLE_DEBUG_INFO = NO;
				MTL_FAST_MATH = YES;
				SDKROOT = macosx;
			};
			name = Release;
		};
		641C7AE3286F766E005E1230 /* Debug */ = {
			isa = XCBuildConfiguration;
			buildSettings = {
				CODE_SIGN_STYLE = Automatic;
				DEVELOPMENT_TEAM = BXV4NP74TH;
				ENABLE_HARDENED_RUNTIME = YES;
				PRODUCT_NAME = "$(TARGET_NAME)";
			};
			name = Debug;
		};
		641C7AE4286F766E005E1230 /* Release */ = {
			isa = XCBuildConfiguration;
			buildSettings = {
				CODE_SIGN_STYLE = Automatic;
				DEVELOPMENT_TEAM = BXV4NP74TH;
				ENABLE_HARDENED_RUNTIME = YES;
				PRODUCT_NAME = "$(TARGET_NAME)";
			};
			name = Release;
		};
/* End XCBuildConfiguration section */

/* Begin XCConfigurationList section */
		641C7AD6286F766E005E1230 /* Build configuration list for PBXProject "pa5" */ = {
			isa = XCConfigurationList;
			buildConfigurations = (
				641C7AE0286F766E005E1230 /* Debug */,
				641C7AE1286F766E005E1230 /* Release */,
			);
			defaultConfigurationIsVisible = 0;
			defaultConfigurationName = Release;
		};
		641C7AE2286F766E005E1230 /* Build configuration list for PBXNativeTarget "pa5" */ = {
			isa = XCConfigurationList;
			buildConfigurations = (
				641C7AE3286F766E005E1230 /* Debug */,
				641C7AE4286F766E005E1230 /* Release */,
			);
			defaultConfigurationIsVisible = 0;
			defaultConfigurationName = Release;
		};
/* End XCConfigurationList section */
	};
	rootObject = 641C7AD3286F766E005E1230 /* Project object */;
}
